
Microsoft Visual Studio Solution File, Format Version 12.00
# Visual Studio Version 16
VisualStudioVersion = 16.0.31112.23
MinimumVisualStudioVersion = 10.0.40219.1
Project("{9A19103F-16F7-4668-BE54-9A1E7A4F7556}") = "ModSimulator", "ModSimulator\ModSimulator.csproj", "{C2B8485C-B79E-47BD-958A-804624E7A816}"
EndProject
Project("{FAE04EC0-301F-11D3-BF4B-00C04F79EFBC}") = "ModSimulatorTests", "ModSimulatorTests\ModSimulatorTests.csproj", "{745DACCB-1214-4963-BD51-32F7DDD928FF}"
EndProject
Global
	GlobalSection(SolutionConfigurationPlatforms) = preSolution
		Debug|Any CPU = Debug|Any CPU
		Release|Any CPU = Release|Any CPU
	EndGlobalSection
	GlobalSection(ProjectConfigurationPlatforms) = postSolution
		{C2B8485C-B79E-47BD-958A-804624E7A816}.Debug|Any CPU.ActiveCfg = Debug|Any CPU
		{C2B8485C-B79E-47BD-958A-804624E7A816}.Debug|Any CPU.Build.0 = Debug|Any CPU
		{C2B8485C-B79E-47BD-958A-804624E7A816}.Release|Any CPU.ActiveCfg = Release|Any CPU
		{C2B8485C-B79E-47BD-958A-804624E7A816}.Release|Any CPU.Build.0 = Release|Any CPU
		{745DACCB-1214-4963-BD51-32F7DDD928FF}.Debug|Any CPU.ActiveCfg = Debug|Any CPU
		{745DACCB-1214-4963-BD51-32F7DDD928FF}.Debug|Any CPU.Build.0 = Debug|Any CPU
		{745DACCB-1214-4963-BD51-32F7DDD928FF}.Release|Any CPU.ActiveCfg = Release|Any CPU
		{745DACCB-1214-4963-BD51-32F7DDD928FF}.Release|Any CPU.Build.0 = Release|Any CPU
	EndGlobalSection
	GlobalSection(SolutionProperties) = preSolution
		HideSolutionNode = FALSE
	EndGlobalSection
	GlobalSection(ExtensibilityGlobals) = postSolution
		SolutionGuid = {A2F519BC-7526-496C-8F00-EDF821E72576}
	EndGlobalSection
EndGlobal
